
Microsoft Visual Studio Solution File, Format Version 12.00
# Visual Studio Version 17
VisualStudioVersion = 17.0.31919.166
MinimumVisualStudioVersion = 10.0.40219.1
Project("{8BC9CEB8-8B4A-11D0-8D11-00A0C91BC942}") = "pim", "pim.vcxproj", "{EFA19BA3-0F9F-4658-8682-C1973F5040A1}"
EndProject
Global
	GlobalSection(SolutionConfigurationPlatforms) = preSolution
		Debug|x86 = Debug|x86
		Release|x86 = Release|x86
	EndGlobalSection
	GlobalSection(ProjectConfigurationPlatforms) = postSolution
		{EFA19BA3-0F9F-4658-8682-C1973F5040A1}.Debug|x86.ActiveCfg = Debug|Win32
		{EFA19BA3-0F9F-4658-8682-C1973F5040A1}.Debug|x86.Build.0 = Debug|Win32
		{EFA19BA3-0F9F-4658-8682-C1973F5040A1}.Release|x86.ActiveCfg = Release|Win32
		{EFA19BA3-0F9F-4658-8682-C1973F5040A1}.Release|x86.Build.0 = Release|Win32
	EndGlobalSection
	GlobalSection(SolutionProperties) = preSolution
		HideSolutionNode = FALSE
	EndGlobalSection
	GlobalSection(ExtensibilityGlobals) = postSolution
		SolutionGuid = {FC1851C5-F4A5-4B82-9E32-B16AAA3FBBD5}
	EndGlobalSection
EndGlobal
